// !$*UTF8*$!
{
	archiveVersion = 1;
	classes = {
	};
	objectVersion = 48;
	objects = {

/* Begin PBXBuildFile section */
		691A27D7207DA9A100590756 /* AppDelegate.swift in Sources */ = {isa = PBXBuildFile; fileRef = 691A27D6207DA9A100590756 /* AppDelegate.swift */; };
		691A27D9207DA9A100590756 /* ChatViewController.swift in Sources */ = {isa = PBXBuildFile; fileRef = 691A27D8207DA9A100590756 /* ChatViewController.swift */; };
		691A27DC207DA9A100590756 /* Main.storyboard in Resources */ = {isa = PBXBuildFile; fileRef = 691A27DA207DA9A100590756 /* Main.storyboard */; };
		691A27DE207DA9A200590756 /* Assets.xcassets in Resources */ = {isa = PBXBuildFile; fileRef = 691A27DD207DA9A200590756 /* Assets.xcassets */; };
		691A27E1207DA9A200590756 /* LaunchScreen.storyboard in Resources */ = {isa = PBXBuildFile; fileRef = 691A27DF207DA9A200590756 /* LaunchScreen.storyboard */; };
		691A27EC207DA9A200590756 /* ChatTests.swift in Sources */ = {isa = PBXBuildFile; fileRef = 691A27EB207DA9A200590756 /* ChatTests.swift */; };
		691A27F7207DA9A200590756 /* ChatUITests.swift in Sources */ = {isa = PBXBuildFile; fileRef = 691A27F6207DA9A200590756 /* ChatUITests.swift */; };
		691A2805207DAD8800590756 /* Podfile in Resources */ = {isa = PBXBuildFile; fileRef = 691A2804207DAD8800590756 /* Podfile */; };
		699B63BD207DB6EA00CAB0FC /* GoogleService-Info.plist in Resources */ = {isa = PBXBuildFile; fileRef = 699B63BC207DB6E900CAB0FC /* GoogleService-Info.plist */; };
		699B63BF207DB7E900CAB0FC /* Constants.swift in Sources */ = {isa = PBXBuildFile; fileRef = 699B63BE207DB7E900CAB0FC /* Constants.swift */; };
		E84D6903B32268D64D8062E9 /* Pods_Chat.framework in Frameworks */ = {isa = PBXBuildFile; fileRef = 8147EC7C2EB037D9F2C51163 /* Pods_Chat.framework */; };
/* End PBXBuildFile section */

/* Begin PBXContainerItemProxy section */
		691A27E8207DA9A200590756 /* PBXContainerItemProxy */ = {
			isa = PBXContainerItemProxy;
			containerPortal = 691A27CB207DA9A100590756 /* Project object */;
			proxyType = 1;
			remoteGlobalIDString = 691A27D2207DA9A100590756;
			remoteInfo = Chat;
		};
		691A27F3207DA9A200590756 /* PBXContainerItemProxy */ = {
			isa = PBXContainerItemProxy;
			containerPortal = 691A27CB207DA9A100590756 /* Project object */;
			proxyType = 1;
			remoteGlobalIDString = 691A27D2207DA9A100590756;
			remoteInfo = Chat;
		};
/* End PBXContainerItemProxy section */

/* Begin PBXFileReference section */
		1752883A5102303E976ED72B /* Pods-Chat.release.xcconfig */ = {isa = PBXFileReference; includeInIndex = 1; lastKnownFileType = text.xcconfig; name = "Pods-Chat.release.xcconfig"; path = "Pods/Target Support Files/Pods-Chat/Pods-Chat.release.xcconfig"; sourceTree = "<group>"; };
		691A27D3207DA9A100590756 /* Chat.app */ = {isa = PBXFileReference; explicitFileType = wrapper.application; includeInIndex = 0; path = Chat.app; sourceTree = BUILT_PRODUCTS_DIR; };
		691A27D6207DA9A100590756 /* AppDelegate.swift */ = {isa = PBXFileReference; lastKnownFileType = sourcecode.swift; path = AppDelegate.swift; sourceTree = "<group>"; };
		691A27D8207DA9A100590756 /* ChatViewController.swift */ = {isa = PBXFileReference; lastKnownFileType = sourcecode.swift; path = ChatViewController.swift; sourceTree = "<group>"; };
		691A27DB207DA9A100590756 /* Base */ = {isa = PBXFileReference; lastKnownFileType = file.storyboard; name = Base; path = Base.lproj/Main.storyboard; sourceTree = "<group>"; };
		691A27DD207DA9A200590756 /* Assets.xcassets */ = {isa = PBXFileReference; lastKnownFileType = folder.assetcatalog; path = Assets.xcassets; sourceTree = "<group>"; };
		691A27E0207DA9A200590756 /* Base */ = {isa = PBXFileReference; lastKnownFileType = file.storyboard; name = Base; path = Base.lproj/LaunchScreen.storyboard; sourceTree = "<group>"; };
		691A27E2207DA9A200590756 /* Info.plist */ = {isa = PBXFileReference; lastKnownFileType = text.plist.xml; path = Info.plist; sourceTree = "<group>"; };
		691A27E7207DA9A200590756 /* ChatTests.xctest */ = {isa = PBXFileReference; explicitFileType = wrapper.cfbundle; includeInIndex = 0; path = ChatTests.xctest; sourceTree = BUILT_PRODUCTS_DIR; };
		691A27EB207DA9A200590756 /* ChatTests.swift */ = {isa = PBXFileReference; lastKnownFileType = sourcecode.swift; path = ChatTests.swift; sourceTree = "<group>"; };
		691A27ED207DA9A200590756 /* Info.plist */ = {isa = PBXFileReference; lastKnownFileType = text.plist.xml; path = Info.plist; sourceTree = "<group>"; };
		691A27F2207DA9A200590756 /* ChatUITests.xctest */ = {isa = PBXFileReference; explicitFileType = wrapper.cfbundle; includeInIndex = 0; path = ChatUITests.xctest; sourceTree = BUILT_PRODUCTS_DIR; };
		691A27F6207DA9A200590756 /* ChatUITests.swift */ = {isa = PBXFileReference; lastKnownFileType = sourcecode.swift; path = ChatUITests.swift; sourceTree = "<group>"; };
		691A27F8207DA9A200590756 /* Info.plist */ = {isa = PBXFileReference; lastKnownFileType = text.plist.xml; path = Info.plist; sourceTree = "<group>"; };
		691A2804207DAD8800590756 /* Podfile */ = {isa = PBXFileReference; lastKnownFileType = text; path = Podfile; sourceTree = "<group>"; xcLanguageSpecificationIdentifier = xcode.lang.ruby; };
		694526B0207DCA99006AEAD0 /* Chat.entitlements */ = {isa = PBXFileReference; lastKnownFileType = text.plist.entitlements; path = Chat.entitlements; sourceTree = "<group>"; };
		699B63BB207DB26100CAB0FC /* Bridging-Header.h */ = {isa = PBXFileReference; lastKnownFileType = sourcecode.c.h; path = "Bridging-Header.h"; sourceTree = "<group>"; };
		699B63BC207DB6E900CAB0FC /* GoogleService-Info.plist */ = {isa = PBXFileReference; fileEncoding = 4; lastKnownFileType = text.plist.xml; path = "GoogleService-Info.plist"; sourceTree = "<group>"; };
		699B63BE207DB7E900CAB0FC /* Constants.swift */ = {isa = PBXFileReference; lastKnownFileType = sourcecode.swift; path = Constants.swift; sourceTree = "<group>"; };
		8147EC7C2EB037D9F2C51163 /* Pods_Chat.framework */ = {isa = PBXFileReference; explicitFileType = wrapper.framework; includeInIndex = 0; path = Pods_Chat.framework; sourceTree = BUILT_PRODUCTS_DIR; };
		D673B42007F8D404906F19F9 /* Pods-Chat.debug.xcconfig */ = {isa = PBXFileReference; includeInIndex = 1; lastKnownFileType = text.xcconfig; name = "Pods-Chat.debug.xcconfig"; path = "Pods/Target Support Files/Pods-Chat/Pods-Chat.debug.xcconfig"; sourceTree = "<group>"; };
/* End PBXFileReference section */

/* Begin PBXFrameworksBuildPhase section */
		691A27D0207DA9A100590756 /* Frameworks */ = {
			isa = PBXFrameworksBuildPhase;
			buildActionMask = 2147483647;
			files = (
				E84D6903B32268D64D8062E9 /* Pods_Chat.framework in Frameworks */,
			);
			runOnlyForDeploymentPostprocessing = 0;
		};
		691A27E4207DA9A200590756 /* Frameworks */ = {
			isa = PBXFrameworksBuildPhase;
			buildActionMask = 2147483647;
			files = (
			);
			runOnlyForDeploymentPostprocessing = 0;
		};
		691A27EF207DA9A200590756 /* Frameworks */ = {
			isa = PBXFrameworksBuildPhase;
			buildActionMask = 2147483647;
			files = (
			);
			runOnlyForDeploymentPostprocessing = 0;
		};
/* End PBXFrameworksBuildPhase section */

/* Begin PBXGroup section */
		3704F7637D5B924070B5BB4E /* Pods */ = {
			isa = PBXGroup;
			children = (
				D673B42007F8D404906F19F9 /* Pods-Chat.debug.xcconfig */,
				1752883A5102303E976ED72B /* Pods-Chat.release.xcconfig */,
			);
			name = Pods;
			sourceTree = "<group>";
		};
		691A27CA207DA9A100590756 = {
			isa = PBXGroup;
			children = (
				699B63BE207DB7E900CAB0FC /* Constants.swift */,
				699B63BB207DB26100CAB0FC /* Bridging-Header.h */,
				691A2804207DAD8800590756 /* Podfile */,
				691A27D5207DA9A100590756 /* Chat */,
				691A27EA207DA9A200590756 /* ChatTests */,
				691A27F5207DA9A200590756 /* ChatUITests */,
				691A27D4207DA9A100590756 /* Products */,
				3704F7637D5B924070B5BB4E /* Pods */,
				DA4D7B2E711B41F99AD00869 /* Frameworks */,
			);
			sourceTree = "<group>";
		};
		691A27D4207DA9A100590756 /* Products */ = {
			isa = PBXGroup;
			children = (
				691A27D3207DA9A100590756 /* Chat.app */,
				691A27E7207DA9A200590756 /* ChatTests.xctest */,
				691A27F2207DA9A200590756 /* ChatUITests.xctest */,
			);
			name = Products;
			sourceTree = "<group>";
		};
		691A27D5207DA9A100590756 /* Chat */ = {
			isa = PBXGroup;
			children = (
				694526B0207DCA99006AEAD0 /* Chat.entitlements */,
				691A27D6207DA9A100590756 /* AppDelegate.swift */,
				691A27D8207DA9A100590756 /* ChatViewController.swift */,
				691A27DA207DA9A100590756 /* Main.storyboard */,
				691A27DD207DA9A200590756 /* Assets.xcassets */,
				691A27DF207DA9A200590756 /* LaunchScreen.storyboard */,
				691A27E2207DA9A200590756 /* Info.plist */,
				699B63BC207DB6E900CAB0FC /* GoogleService-Info.plist */,
			);
			path = Chat;
			sourceTree = "<group>";
		};
		691A27EA207DA9A200590756 /* ChatTests */ = {
			isa = PBXGroup;
			children = (
				691A27EB207DA9A200590756 /* ChatTests.swift */,
				691A27ED207DA9A200590756 /* Info.plist */,
			);
			path = ChatTests;
			sourceTree = "<group>";
		};
		691A27F5207DA9A200590756 /* ChatUITests */ = {
			isa = PBXGroup;
			children = (
				691A27F6207DA9A200590756 /* ChatUITests.swift */,
				691A27F8207DA9A200590756 /* Info.plist */,
			);
			path = ChatUITests;
			sourceTree = "<group>";
		};
		DA4D7B2E711B41F99AD00869 /* Frameworks */ = {
			isa = PBXGroup;
			children = (
				8147EC7C2EB037D9F2C51163 /* Pods_Chat.framework */,
			);
			name = Frameworks;
			sourceTree = "<group>";
		};
/* End PBXGroup section */

/* Begin PBXNativeTarget section */
		691A27D2207DA9A100590756 /* Chat */ = {
			isa = PBXNativeTarget;
			buildConfigurationList = 691A27FB207DA9A200590756 /* Build configuration list for PBXNativeTarget "Chat" */;
			buildPhases = (
				50288AC793AC63DA017EB64D /* [CP] Check Pods Manifest.lock */,
				691A27CF207DA9A100590756 /* Sources */,
				691A27D0207DA9A100590756 /* Frameworks */,
				691A27D1207DA9A100590756 /* Resources */,
				56BDBF66F1D79725AE9F278A /* [CP] Embed Pods Frameworks */,
			);
			buildRules = (
			);
			dependencies = (
			);
			name = Chat;
			productName = Chat;
			productReference = 691A27D3207DA9A100590756 /* Chat.app */;
			productType = "com.apple.product-type.application";
		};
		691A27E6207DA9A200590756 /* ChatTests */ = {
			isa = PBXNativeTarget;
			buildConfigurationList = 691A27FE207DA9A200590756 /* Build configuration list for PBXNativeTarget "ChatTests" */;
			buildPhases = (
				691A27E3207DA9A200590756 /* Sources */,
				691A27E4207DA9A200590756 /* Frameworks */,
				691A27E5207DA9A200590756 /* Resources */,
			);
			buildRules = (
			);
			dependencies = (
				691A27E9207DA9A200590756 /* PBXTargetDependency */,
			);
			name = ChatTests;
			productName = ChatTests;
			productReference = 691A27E7207DA9A200590756 /* ChatTests.xctest */;
			productType = "com.apple.product-type.bundle.unit-test";
		};
		691A27F1207DA9A200590756 /* ChatUITests */ = {
			isa = PBXNativeTarget;
			buildConfigurationList = 691A2801207DA9A200590756 /* Build configuration list for PBXNativeTarget "ChatUITests" */;
			buildPhases = (
				691A27EE207DA9A200590756 /* Sources */,
				691A27EF207DA9A200590756 /* Frameworks */,
				691A27F0207DA9A200590756 /* Resources */,
			);
			buildRules = (
			);
			dependencies = (
				691A27F4207DA9A200590756 /* PBXTargetDependency */,
			);
			name = ChatUITests;
			productName = ChatUITests;
			productReference = 691A27F2207DA9A200590756 /* ChatUITests.xctest */;
			productType = "com.apple.product-type.bundle.ui-testing";
		};
/* End PBXNativeTarget section */

/* Begin PBXProject section */
		691A27CB207DA9A100590756 /* Project object */ = {
			isa = PBXProject;
			attributes = {
				LastSwiftUpdateCheck = 0920;
				LastUpgradeCheck = 0920;
				ORGANIZATIONNAME = "Hezekiah Branch";
				TargetAttributes = {
					691A27D2207DA9A100590756 = {
						CreatedOnToolsVersion = 9.2;
						ProvisioningStyle = Automatic;
						SystemCapabilities = {
							com.apple.DataProtection = {
								enabled = 0;
							};
							com.apple.InterAppAudio = {
								enabled = 0;
							};
							com.apple.Push = {
								enabled = 1;
							};
						};
					};
					691A27E6207DA9A200590756 = {
						CreatedOnToolsVersion = 9.2;
						ProvisioningStyle = Automatic;
						TestTargetID = 691A27D2207DA9A100590756;
					};
					691A27F1207DA9A200590756 = {
						CreatedOnToolsVersion = 9.2;
						ProvisioningStyle = Automatic;
						TestTargetID = 691A27D2207DA9A100590756;
					};
				};
			};
			buildConfigurationList = 691A27CE207DA9A100590756 /* Build configuration list for PBXProject "Chat" */;
			compatibilityVersion = "Xcode 8.0";
			developmentRegion = en;
			hasScannedForEncodings = 0;
			knownRegions = (
				en,
				Base,
			);
			mainGroup = 691A27CA207DA9A100590756;
			productRefGroup = 691A27D4207DA9A100590756 /* Products */;
			projectDirPath = "";
			projectRoot = "";
			targets = (
				691A27D2207DA9A100590756 /* Chat */,
				691A27E6207DA9A200590756 /* ChatTests */,
				691A27F1207DA9A200590756 /* ChatUITests */,
			);
		};
/* End PBXProject section */

/* Begin PBXResourcesBuildPhase section */
		691A27D1207DA9A100590756 /* Resources */ = {
			isa = PBXResourcesBuildPhase;
			buildActionMask = 2147483647;
			files = (
				691A27E1207DA9A200590756 /* LaunchScreen.storyboard in Resources */,
				691A27DE207DA9A200590756 /* Assets.xcassets in Resources */,
				699B63BD207DB6EA00CAB0FC /* GoogleService-Info.plist in Resources */,
				691A2805207DAD8800590756 /* Podfile in Resources */,
				691A27DC207DA9A100590756 /* Main.storyboard in Resources */,
			);
			runOnlyForDeploymentPostprocessing = 0;
		};
		691A27E5207DA9A200590756 /* Resources */ = {
			isa = PBXResourcesBuildPhase;
			buildActionMask = 2147483647;
			files = (
			);
			runOnlyForDeploymentPostprocessing = 0;
		};
		691A27F0207DA9A200590756 /* Resources */ = {
			isa = PBXResourcesBuildPhase;
			buildActionMask = 2147483647;
			files = (
			);
			runOnlyForDeploymentPostprocessing = 0;
		};
/* End PBXResourcesBuildPhase section */

/* Begin PBXShellScriptBuildPhase section */
		50288AC793AC63DA017EB64D /* [CP] Check Pods Manifest.lock */ = {
			isa = PBXShellScriptBuildPhase;
			buildActionMask = 2147483647;
			files = (
			);
			inputPaths = (
				"${PODS_PODFILE_DIR_PATH}/Podfile.lock",
				"${PODS_ROOT}/Manifest.lock",
			);
			name = "[CP] Check Pods Manifest.lock";
			outputPaths = (
				"$(DERIVED_FILE_DIR)/Pods-Chat-checkManifestLockResult.txt",
			);
			runOnlyForDeploymentPostprocessing = 0;
			shellPath = /bin/sh;
			shellScript = "diff \"${PODS_PODFILE_DIR_PATH}/Podfile.lock\" \"${PODS_ROOT}/Manifest.lock\" > /dev/null\nif [ $? != 0 ] ; then\n    # print error to STDERR\n    echo \"error: The sandbox is not in sync with the Podfile.lock. Run 'pod install' or update your CocoaPods installation.\" >&2\n    exit 1\nfi\n# This output is used by Xcode 'outputs' to avoid re-running this script phase.\necho \"SUCCESS\" > \"${SCRIPT_OUTPUT_FILE_0}\"\n";
			showEnvVarsInLog = 0;
		};
		56BDBF66F1D79725AE9F278A /* [CP] Embed Pods Frameworks */ = {
			isa = PBXShellScriptBuildPhase;
			buildActionMask = 2147483647;
			files = (
			);
			inputPaths = (
				"${SRCROOT}/Pods/Target Support Files/Pods-Chat/Pods-Chat-frameworks.sh",
				"${BUILT_PRODUCTS_DIR}/GTMSessionFetcher/GTMSessionFetcher.framework",
				"${BUILT_PRODUCTS_DIR}/GoogleToolboxForMac/GoogleToolboxForMac.framework",
				"${BUILT_PRODUCTS_DIR}/JSQMessagesViewController/JSQMessagesViewController.framework",
				"${BUILT_PRODUCTS_DIR}/JSQSystemSoundPlayer/JSQSystemSoundPlayer.framework",
				"${BUILT_PRODUCTS_DIR}/leveldb-library/leveldb.framework",
				"${BUILT_PRODUCTS_DIR}/nanopb/nanopb.framework",
			);
			name = "[CP] Embed Pods Frameworks";
			outputPaths = (
				"${TARGET_BUILD_DIR}/${FRAMEWORKS_FOLDER_PATH}/GTMSessionFetcher.framework",
				"${TARGET_BUILD_DIR}/${FRAMEWORKS_FOLDER_PATH}/GoogleToolboxForMac.framework",
				"${TARGET_BUILD_DIR}/${FRAMEWORKS_FOLDER_PATH}/JSQMessagesViewController.framework",
				"${TARGET_BUILD_DIR}/${FRAMEWORKS_FOLDER_PATH}/JSQSystemSoundPlayer.framework",
				"${TARGET_BUILD_DIR}/${FRAMEWORKS_FOLDER_PATH}/leveldb.framework",
				"${TARGET_BUILD_DIR}/${FRAMEWORKS_FOLDER_PATH}/nanopb.framework",
			);
			runOnlyForDeploymentPostprocessing = 0;
			shellPath = /bin/sh;
			shellScript = "\"${SRCROOT}/Pods/Target Support Files/Pods-Chat/Pods-Chat-frameworks.sh\"\n";
			showEnvVarsInLog = 0;
		};
/* End PBXShellScriptBuildPhase section */

/* Begin PBXSourcesBuildPhase section */
		691A27CF207DA9A100590756 /* Sources */ = {
			isa = PBXSourcesBuildPhase;
			buildActionMask = 2147483647;
			files = (
				691A27D9207DA9A100590756 /* ChatViewController.swift in Sources */,
				691A27D7207DA9A100590756 /* AppDelegate.swift in Sources */,
				699B63BF207DB7E900CAB0FC /* Constants.swift in Sources */,
			);
			runOnlyForDeploymentPostprocessing = 0;
		};
		691A27E3207DA9A200590756 /* Sources */ = {
			isa = PBXSourcesBuildPhase;
			buildActionMask = 2147483647;
			files = (
				691A27EC207DA9A200590756 /* ChatTests.swift in Sources */,
			);
			runOnlyForDeploymentPostprocessing = 0;
		};
		691A27EE207DA9A200590756 /* Sources */ = {
			isa = PBXSourcesBuildPhase;
			buildActionMask = 2147483647;
			files = (
				691A27F7207DA9A200590756 /* ChatUITests.swift in Sources */,
			);
			runOnlyForDeploymentPostprocessing = 0;
		};
/* End PBXSourcesBuildPhase section */

/* Begin PBXTargetDependency section */
		691A27E9207DA9A200590756 /* PBXTargetDependency */ = {
			isa = PBXTargetDependency;
			target = 691A27D2207DA9A100590756 /* Chat */;
			targetProxy = 691A27E8207DA9A200590756 /* PBXContainerItemProxy */;
		};
		691A27F4207DA9A200590756 /* PBXTargetDependency */ = {
			isa = PBXTargetDependency;
			target = 691A27D2207DA9A100590756 /* Chat */;
			targetProxy = 691A27F3207DA9A200590756 /* PBXContainerItemProxy */;
		};
/* End PBXTargetDependency section */

/* Begin PBXVariantGroup section */
		691A27DA207DA9A100590756 /* Main.storyboard */ = {
			isa = PBXVariantGroup;
			children = (
				691A27DB207DA9A100590756 /* Base */,
			);
			name = Main.storyboard;
			sourceTree = "<group>";
		};
		691A27DF207DA9A200590756 /* LaunchScreen.storyboard */ = {
			isa = PBXVariantGroup;
			children = (
				691A27E0207DA9A200590756 /* Base */,
			);
			name = LaunchScreen.storyboard;
			sourceTree = "<group>";
		};
/* End PBXVariantGroup section */

/* Begin XCBuildConfiguration section */
		691A27F9207DA9A200590756 /* Debug */ = {
			isa = XCBuildConfiguration;
			buildSettings = {
				ALWAYS_SEARCH_USER_PATHS = NO;
				CLANG_ANALYZER_NONNULL = YES;
				CLANG_ANALYZER_NUMBER_OBJECT_CONVERSION = YES_AGGRESSIVE;
				CLANG_CXX_LANGUAGE_STANDARD = "gnu++14";
				CLANG_CXX_LIBRARY = "libc++";
				CLANG_ENABLE_MODULES = YES;
				CLANG_ENABLE_OBJC_ARC = YES;
				CLANG_WARN_BLOCK_CAPTURE_AUTORELEASING = YES;
				CLANG_WARN_BOOL_CONVERSION = YES;
				CLANG_WARN_COMMA = YES;
				CLANG_WARN_CONSTANT_CONVERSION = YES;
				CLANG_WARN_DIRECT_OBJC_ISA_USAGE = YES_ERROR;
				CLANG_WARN_DOCUMENTATION_COMMENTS = YES;
				CLANG_WARN_EMPTY_BODY = YES;
				CLANG_WARN_ENUM_CONVERSION = YES;
				CLANG_WARN_INFINITE_RECURSION = YES;
				CLANG_WARN_INT_CONVERSION = YES;
				CLANG_WARN_NON_LITERAL_NULL_CONVERSION = YES;
				CLANG_WARN_OBJC_LITERAL_CONVERSION = YES;
				CLANG_WARN_OBJC_ROOT_CLASS = YES_ERROR;
				CLANG_WARN_RANGE_LOOP_ANALYSIS = YES;
				CLANG_WARN_STRICT_PROTOTYPES = YES;
				CLANG_WARN_SUSPICIOUS_MOVE = YES;
				CLANG_WARN_UNGUARDED_AVAILABILITY = YES_AGGRESSIVE;
				CLANG_WARN_UNREACHABLE_CODE = YES;
				CLANG_WARN__DUPLICATE_METHOD_MATCH = YES;
				CODE_SIGN_IDENTITY = "iPhone Developer";
				COPY_PHASE_STRIP = NO;
				DEBUG_INFORMATION_FORMAT = dwarf;
				ENABLE_STRICT_OBJC_MSGSEND = YES;
				ENABLE_TESTABILITY = YES;
				GCC_C_LANGUAGE_STANDARD = gnu11;
				GCC_DYNAMIC_NO_PIC = NO;
				GCC_NO_COMMON_BLOCKS = YES;
				GCC_OPTIMIZATION_LEVEL = 0;
				GCC_PREPROCESSOR_DEFINITIONS = (
					"DEBUG=1",
					"$(inherited)",
				);
				GCC_WARN_64_TO_32_BIT_CONVERSION = YES;
				GCC_WARN_ABOUT_RETURN_TYPE = YES_ERROR;
				GCC_WARN_UNDECLARED_SELECTOR = YES;
				GCC_WARN_UNINITIALIZED_AUTOS = YES_AGGRESSIVE;
				GCC_WARN_UNUSED_FUNCTION = YES;
				GCC_WARN_UNUSED_VARIABLE = YES;
				IPHONEOS_DEPLOYMENT_TARGET = 11.2;
				MTL_ENABLE_DEBUG_INFO = YES;
				ONLY_ACTIVE_ARCH = YES;
				SDKROOT = iphoneos;
				SWIFT_ACTIVE_COMPILATION_CONDITIONS = DEBUG;
				SWIFT_OPTIMIZATION_LEVEL = "-Onone";
			};
			name = Debug;
		};
		691A27FA207DA9A200590756 /* Release */ = {
			isa = XCBuildConfiguration;
			buildSettings = {
				ALWAYS_SEARCH_USER_PATHS = NO;
				CLANG_ANALYZER_NONNULL = YES;
				CLANG_ANALYZER_NUMBER_OBJECT_CONVERSION = YES_AGGRESSIVE;
				CLANG_CXX_LANGUAGE_STANDARD = "gnu++14";
				CLANG_CXX_LIBRARY = "libc++";
				CLANG_ENABLE_MODULES = YES;
				CLANG_ENABLE_OBJC_ARC = YES;
				CLANG_WARN_BLOCK_CAPTURE_AUTORELEASING = YES;
				CLANG_WARN_BOOL_CONVERSION = YES;
				CLANG_WARN_COMMA = YES;
				CLANG_WARN_CONSTANT_CONVERSION = YES;
				CLANG_WARN_DIRECT_OBJC_ISA_USAGE = YES_ERROR;
				CLANG_WARN_DOCUMENTATION_COMMENTS = YES;
				CLANG_WARN_EMPTY_BODY = YES;
				CLANG_WARN_ENUM_CONVERSION = YES;
				CLANG_WARN_INFINITE_RECURSION = YES;
				CLANG_WARN_INT_CONVERSION = YES;
				CLANG_WARN_NON_LITERAL_NULL_CONVERSION = YES;
				CLANG_WARN_OBJC_LITERAL_CONVERSION = YES;
				CLANG_WARN_OBJC_ROOT_CLASS = YES_ERROR;
				CLANG_WARN_RANGE_LOOP_ANALYSIS = YES;
				CLANG_WARN_STRICT_PROTOTYPES = YES;
				CLANG_WARN_SUSPICIOUS_MOVE = YES;
				CLANG_WARN_UNGUARDED_AVAILABILITY = YES_AGGRESSIVE;
				CLANG_WARN_UNREACHABLE_CODE = YES;
				CLANG_WARN__DUPLICATE_METHOD_MATCH = YES;
				CODE_SIGN_IDENTITY = "iPhone Developer";
				COPY_PHASE_STRIP = NO;
				DEBUG_INFORMATION_FORMAT = "dwarf-with-dsym";
				ENABLE_NS_ASSERTIONS = NO;
				ENABLE_STRICT_OBJC_MSGSEND = YES;
				GCC_C_LANGUAGE_STANDARD = gnu11;
				GCC_NO_COMMON_BLOCKS = YES;
				GCC_WARN_64_TO_32_BIT_CONVERSION = YES;
				GCC_WARN_ABOUT_RETURN_TYPE = YES_ERROR;
				GCC_WARN_UNDECLARED_SELECTOR = YES;
				GCC_WARN_UNINITIALIZED_AUTOS = YES_AGGRESSIVE;
				GCC_WARN_UNUSED_FUNCTION = YES;
				GCC_WARN_UNUSED_VARIABLE = YES;
				IPHONEOS_DEPLOYMENT_TARGET = 11.2;
				MTL_ENABLE_DEBUG_INFO = NO;
				SDKROOT = iphoneos;
				SWIFT_OPTIMIZATION_LEVEL = "-Owholemodule";
				VALIDATE_PRODUCT = YES;
			};
			name = Release;
		};
		691A27FC207DA9A200590756 /* Debug */ = {
			isa = XCBuildConfiguration;
			baseConfigurationReference = D673B42007F8D404906F19F9 /* Pods-Chat.debug.xcconfig */;
			buildSettings = {
				ASSETCATALOG_COMPILER_APPICON_NAME = AppIcon;
				CODE_SIGN_ENTITLEMENTS = Chat/Chat.entitlements;
				CODE_SIGN_STYLE = Automatic;
				DEVELOPMENT_TEAM = H9MLZ7FVU3;
				INFOPLIST_FILE = Chat/Info.plist;
				LD_RUNPATH_SEARCH_PATHS = "$(inherited) @executable_path/Frameworks";
				PRODUCT_BUNDLE_IDENTIFIER = com.AppsByHezekiah.Chat;
				PRODUCT_NAME = "$(TARGET_NAME)";
				SWIFT_OBJC_BRIDGING_HEADER = "Bridging-Header.h";
				SWIFT_VERSION = 4.0;
				TARGETED_DEVICE_FAMILY = "1,2";
			};
			name = Debug;
		};
		691A27FD207DA9A200590756 /* Release */ = {
			isa = XCBuildConfiguration;
			baseConfigurationReference = 1752883A5102303E976ED72B /* Pods-Chat.release.xcconfig */;
			buildSettings = {
				ASSETCATALOG_COMPILER_APPICON_NAME = AppIcon;
				CODE_SIGN_ENTITLEMENTS = Chat/Chat.entitlements;
				CODE_SIGN_STYLE = Automatic;
				DEVELOPMENT_TEAM = H9MLZ7FVU3;
				INFOPLIST_FILE = Chat/Info.plist;
				LD_RUNPATH_SEARCH_PATHS = "$(inherited) @executable_path/Frameworks";
				PRODUCT_BUNDLE_IDENTIFIER = com.AppsByHezekiah.Chat;
				PRODUCT_NAME = "$(TARGET_NAME)";
				SWIFT_OBJC_BRIDGING_HEADER = "Bridging-Header.h";
				SWIFT_VERSION = 4.0;
				TARGETED_DEVICE_FAMILY = "1,2";
			};
			name = Release;
		};
		691A27FF207DA9A200590756 /* Debug */ = {
			isa = XCBuildConfiguration;
			buildSettings = {
				ALWAYS_EMBED_SWIFT_STANDARD_LIBRARIES = YES;
				BUNDLE_LOADER = "$(TEST_HOST)";
				CODE_SIGN_STYLE = Automatic;
				INFOPLIST_FILE = ChatTests/Info.plist;
				LD_RUNPATH_SEARCH_PATHS = "$(inherited) @executable_path/Frameworks @loader_path/Frameworks";
				PRODUCT_BUNDLE_IDENTIFIER = com.AppsByHezekiah.ChatTests;
				PRODUCT_NAME = "$(TARGET_NAME)";
				SWIFT_VERSION = 4.0;
				TARGETED_DEVICE_FAMILY = "1,2";
				TEST_HOST = "$(BUILT_PRODUCTS_DIR)/Chat.app/Chat";
			};
			name = Debug;
		};
		691A2800207DA9A200590756 /* Release */ = {
			isa = XCBuildConfiguration;
			buildSettings = {
				ALWAYS_EMBED_SWIFT_STANDARD_LIBRARIES = YES;
				BUNDLE_LOADER = "$(TEST_HOST)";
				CODE_SIGN_STYLE = Automatic;
				INFOPLIST_FILE = ChatTests/Info.plist;
				LD_RUNPATH_SEARCH_PATHS = "$(inherited) @executable_path/Frameworks @loader_path/Frameworks";
				PRODUCT_BUNDLE_IDENTIFIER = com.AppsByHezekiah.ChatTests;
				PRODUCT_NAME = "$(TARGET_NAME)";
				SWIFT_VERSION = 4.0;
				TARGETED_DEVICE_FAMILY = "1,2";
				TEST_HOST = "$(BUILT_PRODUCTS_DIR)/Chat.app/Chat";
			};
			name = Release;
		};
		691A2802207DA9A200590756 /* Debug */ = {
			isa = XCBuildConfiguration;
			buildSettings = {
				ALWAYS_EMBED_SWIFT_STANDARD_LIBRARIES = YES;
				CODE_SIGN_STYLE = Automatic;
				INFOPLIST_FILE = ChatUITests/Info.plist;
				LD_RUNPATH_SEARCH_PATHS = "$(inherited) @executable_path/Frameworks @loader_path/Frameworks";
				PRODUCT_BUNDLE_IDENTIFIER = com.AppsByHezekiah.ChatUITests;
				PRODUCT_NAME = "$(TARGET_NAME)";
				SWIFT_VERSION = 4.0;
				TARGETED_DEVICE_FAMILY = "1,2";
				TEST_TARGET_NAME = Chat;
			};
			name = Debug;
		};
		691A2803207DA9A200590756 /* Release */ = {
			isa = XCBuildConfiguration;
			buildSettings = {
				ALWAYS_EMBED_SWIFT_STANDARD_LIBRARIES = YES;
				CODE_SIGN_STYLE = Automatic;
				INFOPLIST_FILE = ChatUITests/Info.plist;
				LD_RUNPATH_SEARCH_PATHS = "$(inherited) @executable_path/Frameworks @loader_path/Frameworks";
				PRODUCT_BUNDLE_IDENTIFIER = com.AppsByHezekiah.ChatUITests;
				PRODUCT_NAME = "$(TARGET_NAME)";
				SWIFT_VERSION = 4.0;
				TARGETED_DEVICE_FAMILY = "1,2";
				TEST_TARGET_NAME = Chat;
			};
			name = Release;
		};
/* End XCBuildConfiguration section */

/* Begin XCConfigurationList section */
		691A27CE207DA9A100590756 /* Build configuration list for PBXProject "Chat" */ = {
			isa = XCConfigurationList;
			buildConfigurations = (
				691A27F9207DA9A200590756 /* Debug */,
				691A27FA207DA9A200590756 /* Release */,
			);
			defaultConfigurationIsVisible = 0;
			defaultConfigurationName = Release;
		};
		691A27FB207DA9A200590756 /* Build configuration list for PBXNativeTarget "Chat" */ = {
			isa = XCConfigurationList;
			buildConfigurations = (
				691A27FC207DA9A200590756 /* Debug */,
				691A27FD207DA9A200590756 /* Release */,
			);
			defaultConfigurationIsVisible = 0;
			defaultConfigurationName = Release;
		};
		691A27FE207DA9A200590756 /* Build configuration list for PBXNativeTarget "ChatTests" */ = {
			isa = XCConfigurationList;
			buildConfigurations = (
				691A27FF207DA9A200590756 /* Debug */,
				691A2800207DA9A200590756 /* Release */,
			);
			defaultConfigurationIsVisible = 0;
			defaultConfigurationName = Release;
		};
		691A2801207DA9A200590756 /* Build configuration list for PBXNativeTarget "ChatUITests" */ = {
			isa = XCConfigurationList;
			buildConfigurations = (
				691A2802207DA9A200590756 /* Debug */,
				691A2803207DA9A200590756 /* Release */,
			);
			defaultConfigurationIsVisible = 0;
			defaultConfigurationName = Release;
		};
/* End XCConfigurationList section */
	};
	rootObject = 691A27CB207DA9A100590756 /* Project object */;
}
